
Microsoft Visual Studio Solution File, Format Version 12.00
# Visual Studio 15
VisualStudioVersion = 15.0.28307.1758
MinimumVisualStudioVersion = 10.0.40219.1
Project("{8BC9CEB8-8B4A-11D0-8D11-00A0C91BC942}") = "Project-职工管理系统", "Project-职工管理系统\Project-职工管理系统.vcxproj", "{3C3802C9-4E73-40C6-A5C7-DCC243A2EA37}"
EndProject
Global
	GlobalSection(SolutionConfigurationPlatforms) = preSolution
		Debug|x64 = Debug|x64
		Debug|x86 = Debug|x86
		Release|x64 = Release|x64
		Release|x86 = Release|x86
	EndGlobalSection
	GlobalSection(ProjectConfigurationPlatforms) = postSolution
		{3C3802C9-4E73-40C6-A5C7-DCC243A2EA37}.Debug|x64.ActiveCfg = Debug|x64
		{3C3802C9-4E73-40C6-A5C7-DCC243A2EA37}.Debug|x64.Build.0 = Debug|x64
		{3C3802C9-4E73-40C6-A5C7-DCC243A2EA37}.Debug|x86.ActiveCfg = Debug|Win32
		{3C3802C9-4E73-40C6-A5C7-DCC243A2EA37}.Debug|x86.Build.0 = Debug|Win32
		{3C3802C9-4E73-40C6-A5C7-DCC243A2EA37}.Release|x64.ActiveCfg = Release|x64
		{3C3802C9-4E73-40C6-A5C7-DCC243A2EA37}.Release|x64.Build.0 = Release|x64
		{3C3802C9-4E73-40C6-A5C7-DCC243A2EA37}.Release|x86.ActiveCfg = Release|Win32
		{3C3802C9-4E73-40C6-A5C7-DCC243A2EA37}.Release|x86.Build.0 = Release|Win32
	EndGlobalSection
	GlobalSection(SolutionProperties) = preSolution
		HideSolutionNode = FALSE
	EndGlobalSection
	GlobalSection(ExtensibilityGlobals) = postSolution
		SolutionGuid = {BB02E172-74B8-47FB-92CE-BD851678CE6F}
	EndGlobalSection
EndGlobal
